
Microsoft Visual Studio Solution File, Format Version 12.00
# Visual Studio Version 16
VisualStudioVersion = 16.0.30002.166
MinimumVisualStudioVersion = 10.0.40219.1
Project("{9A19103F-16F7-4668-BE54-9A1E7A4F7556}") = "Products", "Products\Products.csproj", "{7E59ED77-8A19-4CB8-B5C2-2B34DACBEB5F}"
EndProject
Project("{9A19103F-16F7-4668-BE54-9A1E7A4F7556}") = "Products.Infrastructure", "Products.Infrastructure\Products.Infrastructure.csproj", "{82942F74-5C34-4558-AE23-6E004B35E184}"
EndProject
Project("{9A19103F-16F7-4668-BE54-9A1E7A4F7556}") = "Products.Domain", "Products.Domain\Products.Domain.csproj", "{361CF9F8-82F7-42FC-8205-D3831C58BB63}"
EndProject
Project("{9A19103F-16F7-4668-BE54-9A1E7A4F7556}") = "Products.Services", "Products.Services\Products.Services.csproj", "{C1E2941A-5A5F-44ED-B3F5-CFCBD124DC3B}"
EndProject
Project("{FAE04EC0-301F-11D3-BF4B-00C04F79EFBC}") = "Products.Tests", "Products.Tests\Products.Tests.csproj", "{4A8D2A5D-69F5-42F8-BDEB-0944297C7E8F}"
EndProject
Global
	GlobalSection(SolutionConfigurationPlatforms) = preSolution
		Debug|Any CPU = Debug|Any CPU
		Release|Any CPU = Release|Any CPU
	EndGlobalSection
	GlobalSection(ProjectConfigurationPlatforms) = postSolution
		{7E59ED77-8A19-4CB8-B5C2-2B34DACBEB5F}.Debug|Any CPU.ActiveCfg = Debug|Any CPU
		{7E59ED77-8A19-4CB8-B5C2-2B34DACBEB5F}.Debug|Any CPU.Build.0 = Debug|Any CPU
		{7E59ED77-8A19-4CB8-B5C2-2B34DACBEB5F}.Release|Any CPU.ActiveCfg = Release|Any CPU
		{7E59ED77-8A19-4CB8-B5C2-2B34DACBEB5F}.Release|Any CPU.Build.0 = Release|Any CPU
		{82942F74-5C34-4558-AE23-6E004B35E184}.Debug|Any CPU.ActiveCfg = Debug|Any CPU
		{82942F74-5C34-4558-AE23-6E004B35E184}.Debug|Any CPU.Build.0 = Debug|Any CPU
		{82942F74-5C34-4558-AE23-6E004B35E184}.Release|Any CPU.ActiveCfg = Release|Any CPU
		{82942F74-5C34-4558-AE23-6E004B35E184}.Release|Any CPU.Build.0 = Release|Any CPU
		{361CF9F8-82F7-42FC-8205-D3831C58BB63}.Debug|Any CPU.ActiveCfg = Debug|Any CPU
		{361CF9F8-82F7-42FC-8205-D3831C58BB63}.Debug|Any CPU.Build.0 = Debug|Any CPU
		{361CF9F8-82F7-42FC-8205-D3831C58BB63}.Release|Any CPU.ActiveCfg = Release|Any CPU
		{361CF9F8-82F7-42FC-8205-D3831C58BB63}.Release|Any CPU.Build.0 = Release|Any CPU
		{C1E2941A-5A5F-44ED-B3F5-CFCBD124DC3B}.Debug|Any CPU.ActiveCfg = Debug|Any CPU
		{C1E2941A-5A5F-44ED-B3F5-CFCBD124DC3B}.Debug|Any CPU.Build.0 = Debug|Any CPU
		{C1E2941A-5A5F-44ED-B3F5-CFCBD124DC3B}.Release|Any CPU.ActiveCfg = Release|Any CPU
		{C1E2941A-5A5F-44ED-B3F5-CFCBD124DC3B}.Release|Any CPU.Build.0 = Release|Any CPU
		{4A8D2A5D-69F5-42F8-BDEB-0944297C7E8F}.Debug|Any CPU.ActiveCfg = Debug|Any CPU
		{4A8D2A5D-69F5-42F8-BDEB-0944297C7E8F}.Debug|Any CPU.Build.0 = Debug|Any CPU
		{4A8D2A5D-69F5-42F8-BDEB-0944297C7E8F}.Release|Any CPU.ActiveCfg = Release|Any CPU
		{4A8D2A5D-69F5-42F8-BDEB-0944297C7E8F}.Release|Any CPU.Build.0 = Release|Any CPU
	EndGlobalSection
	GlobalSection(SolutionProperties) = preSolution
		HideSolutionNode = FALSE
	EndGlobalSection
	GlobalSection(ExtensibilityGlobals) = postSolution
		SolutionGuid = {FE62B539-A472-4005-B96C-B0FFA02265DD}
	EndGlobalSection
EndGlobal
